Microsoft Visual Studio Solution File, Format Version 12.00
# Visual Studio Version 17
VisualStudioVersion = 17.5.2.0
MinimumVisualStudioVersion = 10.0.40219.1
Project("{FAE04EC0-301F-11D3-BF4B-00C04F79EFBC}") = "Conexus.Api", "Conexus.Api.csproj", "{A8E63C0E-1305-1B41-F23F-D88D592279AA}"
EndProject
Global
	GlobalSection(SolutionConfigurationPlatforms) = preSolution
		Debug|Any CPU = Debug|Any CPU
		Release|Any CPU = Release|Any CPU
	EndGlobalSection
	GlobalSection(ProjectConfigurationPlatforms) = postSolution
		{A8E63C0E-1305-1B41-F23F-D88D592279AA}.Debug|Any CPU.ActiveCfg = Debug|Any CPU
		{A8E63C0E-1305-1B41-F23F-D88D592279AA}.Debug|Any CPU.Build.0 = Debug|Any CPU
		{A8E63C0E-1305-1B41-F23F-D88D592279AA}.Release|Any CPU.ActiveCfg = Release|Any CPU
		{A8E63C0E-1305-1B41-F23F-D88D592279AA}.Release|Any CPU.Build.0 = Release|Any CPU
	EndGlobalSection
	GlobalSection(SolutionProperties) = preSolution
		HideSolutionNode = FALSE
	EndGlobalSection
	GlobalSection(ExtensibilityGlobals) = postSolution
		SolutionGuid = {7E1A95C7-833B-4D76-96A3-8D012B64B6F0}
	EndGlobalSection
EndGlobal
